# This file is generated by running "yarn install" inside your project.
# Manual changes might be lost - proceed with caution!

__metadata:
  version: 5
  cacheKey: 8

"@discordjs/builders@npm:^0.11.0":
  version: 0.11.0
  resolution: "@discordjs/builders@npm:0.11.0"
  dependencies:
    "@sindresorhus/is": ^4.2.0
    discord-api-types: ^0.26.0
    ts-mixer: ^6.0.0
    tslib: ^2.3.1
    zod: ^3.11.6
  checksum: 7a25b59bb52d2e3695bca27946a99cf2de95b7edd5be424ea9f4707a465524be21263e25e532e12438e99f9f55fb98b033885c760aeb96424b8c12f663f50760
  languageName: node
  linkType: hard

"@discordjs/collection@npm:^0.4.0":
  version: 0.4.0
  resolution: "@discordjs/collection@npm:0.4.0"
  checksum: fa8fc4246921f3230eb6c5d6d4dc0caf9dd659fcc903175944edf4fb0a9ed9913fdf164733d3f1e644ef469bc79b0d38a526ee620b92169cb40e79b40b0c716b
  languageName: node
  linkType: hard

"@nodelib/fs.scandir@npm:2.1.5":
  version: 2.1.5
  resolution: "@nodelib/fs.scandir@npm:2.1.5"
  dependencies:
    "@nodelib/fs.stat": 2.0.5
    run-parallel: ^1.1.9
  checksum: a970d595bd23c66c880e0ef1817791432dbb7acbb8d44b7e7d0e7a22f4521260d4a83f7f9fd61d44fda4610105577f8f58a60718105fb38352baed612fd79e59
  languageName: node
  linkType: hard

"@nodelib/fs.stat@npm:2.0.5, @nodelib/fs.stat@npm:^2.0.2":
  version: 2.0.5
  resolution: "@nodelib/fs.stat@npm:2.0.5"
  checksum: 012480b5ca9d97bff9261571dbbec7bbc6033f69cc92908bc1ecfad0792361a5a1994bc48674b9ef76419d056a03efadfce5a6cf6dbc0a36559571a7a483f6f0
  languageName: node
  linkType: hard

"@nodelib/fs.walk@npm:^1.2.3":
  version: 1.2.8
  resolution: "@nodelib/fs.walk@npm:1.2.8"
  dependencies:
    "@nodelib/fs.scandir": 2.1.5
    fastq: ^1.6.0
  checksum: 190c643f156d8f8f277bf2a6078af1ffde1fd43f498f187c2db24d35b4b4b5785c02c7dc52e356497b9a1b65b13edc996de08de0b961c32844364da02986dc53
  languageName: node
  linkType: hard

"@prisma/client@npm:^3.8.1":
  version: 3.8.1
  resolution: "@prisma/client@npm:3.8.1"
  dependencies:
    "@prisma/engines-version": 3.8.0-43.34df67547cf5598f5a6cd3eb45f14ee70c3fb86f
  peerDependencies:
    prisma: "*"
  peerDependenciesMeta:
    prisma:
      optional: true
  checksum: 7139bbfad7cc1c1e235b02925e171e68370f50c1112e72ecacca0d13651ba808f1a63391dbbb11916b459a6fe9de699a4f7a8a12e390aa3ba394747890729496
  languageName: node
  linkType: hard

"@prisma/engines-version@npm:3.8.0-43.34df67547cf5598f5a6cd3eb45f14ee70c3fb86f":
  version: 3.8.0-43.34df67547cf5598f5a6cd3eb45f14ee70c3fb86f
  resolution: "@prisma/engines-version@npm:3.8.0-43.34df67547cf5598f5a6cd3eb45f14ee70c3fb86f"
  checksum: b41892214631a0f51a422ada47c7357cf757337bc17af4ad5f43ce2943f32c2eddc7f0517f57b95ff541f696ced8de373a46e22a91c6918262d2b28455aa733f
  languageName: node
  linkType: hard

"@prisma/engines@npm:3.8.0-43.34df67547cf5598f5a6cd3eb45f14ee70c3fb86f":
  version: 3.8.0-43.34df67547cf5598f5a6cd3eb45f14ee70c3fb86f
  resolution: "@prisma/engines@npm:3.8.0-43.34df67547cf5598f5a6cd3eb45f14ee70c3fb86f"
  checksum: 569496142dec78fb36ccfe55be72599cd45b84876089132491fbd3133040cbed7b9517e967bf370173ee8d66f06129f10912e1d7d8248f890817aa97fcb0cb14
  languageName: node
  linkType: hard

"@sapphire/async-queue@npm:^1.1.9":
  version: 1.2.0
  resolution: "@sapphire/async-queue@npm:1.2.0"
  checksum: 9959c91fe031e9350134740b68e64798eff1f72f1417f312a4f7bebbd875035a406ba5ae1e71640c3819dec10d0f86a0588b494088f353f85701f2f1196e4560
  languageName: node
  linkType: hard

"@sindresorhus/is@npm:^4.2.0":
  version: 4.4.0
  resolution: "@sindresorhus/is@npm:4.4.0"
  checksum: 1d2471a75e03ce2182c3a3d014d027addeaeae1a7a2adfdb03c91cce17900b207e493db012e35ffa21808c563ce3b8e2e7c24646b3d5c27467e08bef8b0e16f0
  languageName: node
  linkType: hard

"@types/json-schema@npm:^7.0.9":
  version: 7.0.9
  resolution: "@types/json-schema@npm:7.0.9"
  checksum: 259d0e25f11a21ba5c708f7ea47196bd396e379fddb79c76f9f4f62c945879dc21657904914313ec2754e443c5018ea8372362f323f30e0792897fdb2098a705
  languageName: node
  linkType: hard

"@types/node-fetch@npm:^2.5.12":
  version: 2.5.12
  resolution: "@types/node-fetch@npm:2.5.12"
  dependencies:
    "@types/node": "*"
    form-data: ^3.0.0
  checksum: ad63c85ba6a9477b8e057ec8682257738130d98e8ece4e31141789bd99df9d9147985cc8bc0cb5c8983ed5aa6bb95d46df23d1e055f4ad5cf8b82fc69cf626c7
  languageName: node
  linkType: hard

"@types/node@npm:*, @types/node@npm:^17.0.13":
  version: 17.0.13
  resolution: "@types/node@npm:17.0.13"
  checksum: 8b87c850c1604c65e3474bd03d122914464b7970caed20f65f4a7706ab429353b896a3916be4d2581164eccda9e3dd95c338fbccf686ff85a824c40d15e8f3fa
  languageName: node
  linkType: hard

"@types/random-seed@npm:^0.3.3":
  version: 0.3.3
  resolution: "@types/random-seed@npm:0.3.3"
  checksum: de0f4ce70d47af68424b9bfdb27fd07e2be31cbbafee1ef7f4e661b94576b2cf6a2f1f479697d5b79186bf70bad0988485a7d2ce76084fe7c0544d32b2ec0a67
  languageName: node
  linkType: hard

"@types/ws@npm:^8.2.2":
  version: 8.2.2
  resolution: "@types/ws@npm:8.2.2"
  dependencies:
    "@types/node": "*"
  checksum: 308957864b9a5a0378ac82f1b084fa31b1bbe85106fb0d84ed2b392e4829404f21ab6ab2c1eb782d556e59cd33d57c75ad2d0cedc4b9b9d0ca3b2311bc915578
  languageName: node
  linkType: hard

"@typescript-eslint/eslint-plugin@npm:^5.10.2":
  version: 5.10.2
  resolution: "@typescript-eslint/eslint-plugin@npm:5.10.2"
  dependencies:
    "@typescript-eslint/scope-manager": 5.10.2
    "@typescript-eslint/type-utils": 5.10.2
    "@typescript-eslint/utils": 5.10.2
    debug: ^4.3.2
    functional-red-black-tree: ^1.0.1
    ignore: ^5.1.8
    regexpp: ^3.2.0
    semver: ^7.3.5
    tsutils: ^3.21.0
  peerDependencies:
    "@typescript-eslint/parser": ^5.0.0
    eslint: ^6.0.0 || ^7.0.0 || ^8.0.0
  peerDependenciesMeta:
    typescript:
      optional: true
  checksum: 460808a3c7d0390a7dcc1b2e717c2c4e303a31f9161fbc8c4ecc7bec076285d636d505d2f1ca9932c7a7989ea0fc3a78023be9f342bd8c4bdfe4a9842d0c053a
  languageName: node
  linkType: hard

"@typescript-eslint/parser@npm:^5.10.2":
  version: 5.10.2
  resolution: "@typescript-eslint/parser@npm:5.10.2"
  dependencies:
    "@typescript-eslint/scope-manager": 5.10.2
    "@typescript-eslint/types": 5.10.2
    "@typescript-eslint/typescript-estree": 5.10.2
    debug: ^4.3.2
  peerDependencies:
    eslint: ^6.0.0 || ^7.0.0 || ^8.0.0
  peerDependenciesMeta:
    typescript:
      optional: true
  checksum: c83e3afee090e9cc830d6c59cd87681a83ae95f2daa848040f2e67ef34f87c5ec707a571b3ccb31b67adc0447b22b62c048a6cb088e661801dacb9c2cf070a9c
  languageName: node
  linkType: hard

"@typescript-eslint/scope-manager@npm:5.10.2":
  version: 5.10.2
  resolution: "@typescript-eslint/scope-manager@npm:5.10.2"
  dependencies:
    "@typescript-eslint/types": 5.10.2
    "@typescript-eslint/visitor-keys": 5.10.2
  checksum: 22c8ac9047a1a276e0b911eca0eee30c4f7f7089688dca36314da28143d349c504e542116d3e201d52da50b212f38b2125e3918e6ae2e2b0b57964fb1cdf8fcd
  languageName: node
  linkType: hard

"@typescript-eslint/type-utils@npm:5.10.2":
  version: 5.10.2
  resolution: "@typescript-eslint/type-utils@npm:5.10.2"
  dependencies:
    "@typescript-eslint/utils": 5.10.2
    debug: ^4.3.2
    tsutils: ^3.21.0
  peerDependencies:
    eslint: "*"
  peerDependenciesMeta:
    typescript:
      optional: true
  checksum: 7732c826ef6c798af0f45b85f0389688e614de16c7c2c7e446a664787df360242cf2bc9d68d6ce1993f1bfc289b5d6a75a400fc968b7ded187c30c40f978de52
  languageName: node
  linkType: hard

"@typescript-eslint/types@npm:5.10.2":
  version: 5.10.2
  resolution: "@typescript-eslint/types@npm:5.10.2"
  checksum: fa44dbd31d12f16ada6a6e7dba61ff90bf955b400f314f7378d9775cc8e13ef5da3318e89a90c3c3f75d50179e6be104ed8f90d4e77a02d6f7793b346bf25f15
  languageName: node
  linkType: hard

"@typescript-eslint/typescript-estree@npm:5.10.2":
  version: 5.10.2
  resolution: "@typescript-eslint/typescript-estree@npm:5.10.2"
  dependencies:
    "@typescript-eslint/types": 5.10.2
    "@typescript-eslint/visitor-keys": 5.10.2
    debug: ^4.3.2
    globby: ^11.0.4
    is-glob: ^4.0.3
    semver: ^7.3.5
    tsutils: ^3.21.0
  peerDependenciesMeta:
    typescript:
      optional: true
  checksum: 2fdad1448578ee5c7f5876c998de50e2fa5fd6eed9effbfa9b0cf2579afe195964f0e4ebaa5d94ae228096cddf016500e9c8cc2f60c3dff981f09ebb42e5de53
  languageName: node
  linkType: hard

"@typescript-eslint/utils@npm:5.10.2":
  version: 5.10.2
  resolution: "@typescript-eslint/utils@npm:5.10.2"
  dependencies:
    "@types/json-schema": ^7.0.9
    "@typescript-eslint/scope-manager": 5.10.2
    "@typescript-eslint/types": 5.10.2
    "@typescript-eslint/typescript-estree": 5.10.2
    eslint-scope: ^5.1.1
    eslint-utils: ^3.0.0
  peerDependencies:
    eslint: ^6.0.0 || ^7.0.0 || ^8.0.0
  checksum: d0dde3066f52405dffc2cbccd43d2aa2d9336510f178aa43812d616c951ea45f83693e2f6a88e3abfc94e2cc5f9eb3f2be9221a38848fe70aaffc294794c9d53
  languageName: node
  linkType: hard

"@typescript-eslint/visitor-keys@npm:5.10.2":
  version: 5.10.2
  resolution: "@typescript-eslint/visitor-keys@npm:5.10.2"
  dependencies:
    "@typescript-eslint/types": 5.10.2
    eslint-visitor-keys: ^3.0.0
  checksum: f80caa1f0d71da096e9e18728b76046286cad691b178c0d101b71e5b553ee4a427ae2c2f8b9bc789dce266f62b026b7ca88ddafd52fde4f0dbb24e05765629b7
  languageName: node
  linkType: hard

"array-union@npm:^2.1.0":
  version: 2.1.0
  resolution: "array-union@npm:2.1.0"
  checksum: 5bee12395cba82da674931df6d0fea23c4aa4660cb3b338ced9f828782a65caa232573e6bf3968f23e0c5eb301764a382cef2f128b170a9dc59de0e36c39f98d
  languageName: node
  linkType: hard

"asynckit@npm:^0.4.0":
  version: 0.4.0
  resolution: "asynckit@npm:0.4.0"
  checksum: 7b78c451df768adba04e2d02e63e2d0bf3b07adcd6e42b4cf665cb7ce899bedd344c69a1dcbce355b5f972d597b25aaa1c1742b52cffd9caccb22f348114f6be
  languageName: node
  linkType: hard

"braces@npm:^3.0.1":
  version: 3.0.2
  resolution: "braces@npm:3.0.2"
  dependencies:
    fill-range: ^7.0.1
  checksum: e2a8e769a863f3d4ee887b5fe21f63193a891c68b612ddb4b68d82d1b5f3ff9073af066c343e9867a393fe4c2555dcb33e89b937195feb9c1613d259edfcd459
  languageName: node
  linkType: hard

"bread@workspace:.":
  version: 0.0.0-use.local
  resolution: "bread@workspace:."
  dependencies:
    "@prisma/client": ^3.8.1
    "@types/node": ^17.0.13
    "@types/random-seed": ^0.3.3
    "@typescript-eslint/eslint-plugin": ^5.10.2
    "@typescript-eslint/parser": ^5.10.2
    discord-api-types: ^0.26.1
    discord.js: ^13.6.0
    dotenv: ^15.0.0
    prettier: ^2.5.1
    prisma: ^3.8.1
    queue: ^6.0.2
    random-seed: ^0.3.0
    typescript: ^4.5.5
    unique-names-generator: ^4.6.0
  languageName: unknown
  linkType: soft

"combined-stream@npm:^1.0.8":
  version: 1.0.8
  resolution: "combined-stream@npm:1.0.8"
  dependencies:
    delayed-stream: ~1.0.0
  checksum: 49fa4aeb4916567e33ea81d088f6584749fc90c7abec76fd516bf1c5aa5c79f3584b5ba3de6b86d26ddd64bae5329c4c7479343250cfe71c75bb366eae53bb7c
  languageName: node
  linkType: hard

"debug@npm:^4.3.2":
  version: 4.3.3
  resolution: "debug@npm:4.3.3"
  dependencies:
    ms: 2.1.2
  peerDependenciesMeta:
    supports-color:
      optional: true
  checksum: 14472d56fe4a94dbcfaa6dbed2dd3849f1d72ba78104a1a328047bb564643ca49df0224c3a17fa63533fd11dd3d4c8636cd861191232a2c6735af00cc2d4de16
  languageName: node
  linkType: hard

"delayed-stream@npm:~1.0.0":
  version: 1.0.0
  resolution: "delayed-stream@npm:1.0.0"
  checksum: 46fe6e83e2cb1d85ba50bd52803c68be9bd953282fa7096f51fc29edd5d67ff84ff753c51966061e5ba7cb5e47ef6d36a91924eddb7f3f3483b1c560f77a0020
  languageName: node
  linkType: hard

"dir-glob@npm:^3.0.1":
  version: 3.0.1
  resolution: "dir-glob@npm:3.0.1"
  dependencies:
    path-type: ^4.0.0
  checksum: fa05e18324510d7283f55862f3161c6759a3f2f8dbce491a2fc14c8324c498286c54282c1f0e933cb930da8419b30679389499b919122952a4f8592362ef4615
  languageName: node
  linkType: hard

"discord-api-types@npm:^0.26.0, discord-api-types@npm:^0.26.1":
  version: 0.26.1
  resolution: "discord-api-types@npm:0.26.1"
  checksum: e53bfa7589b24108e6b403dbe213da34c4592f72e2b8fde6800dcb6c703065887ecbd644e1cdf694e4c7796954bc51462ced868f26ec45dc1e0dc4fa8d3c723c
  languageName: node
  linkType: hard

"discord.js@npm:^13.6.0":
  version: 13.6.0
  resolution: "discord.js@npm:13.6.0"
  dependencies:
    "@discordjs/builders": ^0.11.0
    "@discordjs/collection": ^0.4.0
    "@sapphire/async-queue": ^1.1.9
    "@types/node-fetch": ^2.5.12
    "@types/ws": ^8.2.2
    discord-api-types: ^0.26.0
    form-data: ^4.0.0
    node-fetch: ^2.6.1
    ws: ^8.4.0
  checksum: 59c1297fbebf9b25c90ea125808bc9177c134fd7c481f82ace636ab88cfdc90bc6ec777c844d375d26231fc1664a67e80a1aad2aed484b808e4cd7d55cc1d9e3
  languageName: node
  linkType: hard

"dotenv@npm:^15.0.0":
  version: 15.0.0
  resolution: "dotenv@npm:15.0.0"
  checksum: be5d852b2ad1708780e7038481c0687ce4bb9edf354d439872511e966a5f28c083f296e1d1c182256d695bfdd67e320382eb3b0f2e9d83efa3615cd1757257ab
  languageName: node
  linkType: hard

"eslint-scope@npm:^5.1.1":
  version: 5.1.1
  resolution: "eslint-scope@npm:5.1.1"
  dependencies:
    esrecurse: ^4.3.0
    estraverse: ^4.1.1
  checksum: 47e4b6a3f0cc29c7feedee6c67b225a2da7e155802c6ea13bbef4ac6b9e10c66cd2dcb987867ef176292bf4e64eccc680a49e35e9e9c669f4a02bac17e86abdb
  languageName: node
  linkType: hard

"eslint-utils@npm:^3.0.0":
  version: 3.0.0
  resolution: "eslint-utils@npm:3.0.0"
  dependencies:
    eslint-visitor-keys: ^2.0.0
  peerDependencies:
    eslint: ">=5"
  checksum: 0668fe02f5adab2e5a367eee5089f4c39033af20499df88fe4e6aba2015c20720404d8c3d6349b6f716b08fdf91b9da4e5d5481f265049278099c4c836ccb619
  languageName: node
  linkType: hard

"eslint-visitor-keys@npm:^2.0.0":
  version: 2.1.0
  resolution: "eslint-visitor-keys@npm:2.1.0"
  checksum: e3081d7dd2611a35f0388bbdc2f5da60b3a3c5b8b6e928daffff7391146b434d691577aa95064c8b7faad0b8a680266bcda0a42439c18c717b80e6718d7e267d
  languageName: node
  linkType: hard

"eslint-visitor-keys@npm:^3.0.0":
  version: 3.2.0
  resolution: "eslint-visitor-keys@npm:3.2.0"
  checksum: fdadbb26f9e6417d3db7ad4f00bb0d573b6031c32fa72e8cdae32d038223faaeddff2ee443c90cb489bf774e75bff765c00912b8f9106d65e4f202ccd78c1b18
  languageName: node
  linkType: hard

"esrecurse@npm:^4.3.0":
  version: 4.3.0
  resolution: "esrecurse@npm:4.3.0"
  dependencies:
    estraverse: ^5.2.0
  checksum: ebc17b1a33c51cef46fdc28b958994b1dc43cd2e86237515cbc3b4e5d2be6a811b2315d0a1a4d9d340b6d2308b15322f5c8291059521cc5f4802f65e7ec32837
  languageName: node
  linkType: hard

"estraverse@npm:^4.1.1":
  version: 4.3.0
  resolution: "estraverse@npm:4.3.0"
  checksum: a6299491f9940bb246124a8d44b7b7a413a8336f5436f9837aaa9330209bd9ee8af7e91a654a3545aee9c54b3308e78ee360cef1d777d37cfef77d2fa33b5827
  languageName: node
  linkType: hard

"estraverse@npm:^5.2.0":
  version: 5.3.0
  resolution: "estraverse@npm:5.3.0"
  checksum: 072780882dc8416ad144f8fe199628d2b3e7bbc9989d9ed43795d2c90309a2047e6bc5979d7e2322a341163d22cfad9e21f4110597fe487519697389497e4e2b
  languageName: node
  linkType: hard

"fast-glob@npm:^3.2.9":
  version: 3.2.11
  resolution: "fast-glob@npm:3.2.11"
  dependencies:
    "@nodelib/fs.stat": ^2.0.2
    "@nodelib/fs.walk": ^1.2.3
    glob-parent: ^5.1.2
    merge2: ^1.3.0
    micromatch: ^4.0.4
  checksum: f473105324a7780a20c06de842e15ddbb41d3cb7e71d1e4fe6e8373204f22245d54f5ab9e2061e6a1c613047345954d29b022e0e76f5c28b1df9858179a0e6d7
  languageName: node
  linkType: hard

"fastq@npm:^1.6.0":
  version: 1.13.0
  resolution: "fastq@npm:1.13.0"
  dependencies:
    reusify: ^1.0.4
  checksum: 32cf15c29afe622af187d12fc9cd93e160a0cb7c31a3bb6ace86b7dea3b28e7b72acde89c882663f307b2184e14782c6c664fa315973c03626c7d4bff070bb0b
  languageName: node
  linkType: hard

"fill-range@npm:^7.0.1":
  version: 7.0.1
  resolution: "fill-range@npm:7.0.1"
  dependencies:
    to-regex-range: ^5.0.1
  checksum: cc283f4e65b504259e64fd969bcf4def4eb08d85565e906b7d36516e87819db52029a76b6363d0f02d0d532f0033c9603b9e2d943d56ee3b0d4f7ad3328ff917
  languageName: node
  linkType: hard

"form-data@npm:^3.0.0":
  version: 3.0.1
  resolution: "form-data@npm:3.0.1"
  dependencies:
    asynckit: ^0.4.0
    combined-stream: ^1.0.8
    mime-types: ^2.1.12
  checksum: b019e8d35c8afc14a2bd8a7a92fa4f525a4726b6d5a9740e8d2623c30e308fbb58dc8469f90415a856698933c8479b01646a9dff33c87cc4e76d72aedbbf860d
  languageName: node
  linkType: hard

"form-data@npm:^4.0.0":
  version: 4.0.0
  resolution: "form-data@npm:4.0.0"
  dependencies:
    asynckit: ^0.4.0
    combined-stream: ^1.0.8
    mime-types: ^2.1.12
  checksum: 01135bf8675f9d5c61ff18e2e2932f719ca4de964e3be90ef4c36aacfc7b9cb2fceb5eca0b7e0190e3383fe51c5b37f4cb80b62ca06a99aaabfcfd6ac7c9328c
  languageName: node
  linkType: hard

"functional-red-black-tree@npm:^1.0.1":
  version: 1.0.1
  resolution: "functional-red-black-tree@npm:1.0.1"
  checksum: ca6c170f37640e2d94297da8bb4bf27a1d12bea3e00e6a3e007fd7aa32e37e000f5772acf941b4e4f3cf1c95c3752033d0c509af157ad8f526e7f00723b9eb9f
  languageName: node
  linkType: hard

"glob-parent@npm:^5.1.2":
  version: 5.1.2
  resolution: "glob-parent@npm:5.1.2"
  dependencies:
    is-glob: ^4.0.1
  checksum: f4f2bfe2425296e8a47e36864e4f42be38a996db40420fe434565e4480e3322f18eb37589617a98640c5dc8fdec1a387007ee18dbb1f3f5553409c34d17f425e
  languageName: node
  linkType: hard

"globby@npm:^11.0.4":
  version: 11.1.0
  resolution: "globby@npm:11.1.0"
  dependencies:
    array-union: ^2.1.0
    dir-glob: ^3.0.1
    fast-glob: ^3.2.9
    ignore: ^5.2.0
    merge2: ^1.4.1
    slash: ^3.0.0
  checksum: b4be8885e0cfa018fc783792942d53926c35c50b3aefd3fdcfb9d22c627639dc26bd2327a40a0b74b074100ce95bb7187bfeae2f236856aa3de183af7a02aea6
  languageName: node
  linkType: hard

"ignore@npm:^5.1.8, ignore@npm:^5.2.0":
  version: 5.2.0
  resolution: "ignore@npm:5.2.0"
  checksum: 6b1f926792d614f64c6c83da3a1f9c83f6196c2839aa41e1e32dd7b8d174cef2e329d75caabb62cb61ce9dc432f75e67d07d122a037312db7caa73166a1bdb77
  languageName: node
  linkType: hard

"inherits@npm:~2.0.3":
  version: 2.0.4
  resolution: "inherits@npm:2.0.4"
  checksum: 4a48a733847879d6cf6691860a6b1e3f0f4754176e4d71494c41f3475553768b10f84b5ce1d40fbd0e34e6bfbb864ee35858ad4dd2cf31e02fc4a154b724d7f1
  languageName: node
  linkType: hard

"is-extglob@npm:^2.1.1":
  version: 2.1.1
  resolution: "is-extglob@npm:2.1.1"
  checksum: df033653d06d0eb567461e58a7a8c9f940bd8c22274b94bf7671ab36df5719791aae15eef6d83bbb5e23283967f2f984b8914559d4449efda578c775c4be6f85
  languageName: node
  linkType: hard

"is-glob@npm:^4.0.1, is-glob@npm:^4.0.3":
  version: 4.0.3
  resolution: "is-glob@npm:4.0.3"
  dependencies:
    is-extglob: ^2.1.1
  checksum: d381c1319fcb69d341cc6e6c7cd588e17cd94722d9a32dbd60660b993c4fb7d0f19438674e68dfec686d09b7c73139c9166b47597f846af387450224a8101ab4
  languageName: node
  linkType: hard

"is-number@npm:^7.0.0":
  version: 7.0.0
  resolution: "is-number@npm:7.0.0"
  checksum: 456ac6f8e0f3111ed34668a624e45315201dff921e5ac181f8ec24923b99e9f32ca1a194912dc79d539c97d33dba17dc635202ff0b2cf98326f608323276d27a
  languageName: node
  linkType: hard

"json-stringify-safe@npm:^5.0.1":
  version: 5.0.1
  resolution: "json-stringify-safe@npm:5.0.1"
  checksum: 48ec0adad5280b8a96bb93f4563aa1667fd7a36334f79149abd42446d0989f2ddc58274b479f4819f1f00617957e6344c886c55d05a4e15ebb4ab931e4a6a8ee
  languageName: node
  linkType: hard

"lru-cache@npm:^6.0.0":
  version: 6.0.0
  resolution: "lru-cache@npm:6.0.0"
  dependencies:
    yallist: ^4.0.0
  checksum: f97f499f898f23e4585742138a22f22526254fdba6d75d41a1c2526b3b6cc5747ef59c5612ba7375f42aca4f8461950e925ba08c991ead0651b4918b7c978297
  languageName: node
  linkType: hard

"merge2@npm:^1.3.0, merge2@npm:^1.4.1":
  version: 1.4.1
  resolution: "merge2@npm:1.4.1"
  checksum: 7268db63ed5169466540b6fb947aec313200bcf6d40c5ab722c22e242f651994619bcd85601602972d3c85bd2cc45a358a4c61937e9f11a061919a1da569b0c2
  languageName: node
  linkType: hard

"micromatch@npm:^4.0.4":
  version: 4.0.4
  resolution: "micromatch@npm:4.0.4"
  dependencies:
    braces: ^3.0.1
    picomatch: ^2.2.3
  checksum: ef3d1c88e79e0a68b0e94a03137676f3324ac18a908c245a9e5936f838079fcc108ac7170a5fadc265a9c2596963462e402841406bda1a4bb7b68805601d631c
  languageName: node
  linkType: hard

"mime-db@npm:1.51.0":
  version: 1.51.0
  resolution: "mime-db@npm:1.51.0"
  checksum: 613b1ac9d6e725cc24444600b124a7f1ce6c60b1baa654f39a3e260d0995a6dffc5693190217e271af7e2a5612dae19f2a73f3e316707d797a7391165f7ef423
  languageName: node
  linkType: hard

"mime-types@npm:^2.1.12":
  version: 2.1.34
  resolution: "mime-types@npm:2.1.34"
  dependencies:
    mime-db: 1.51.0
  checksum: 67013de9e9d6799bde6d669d18785b7e18bcd212e710d3e04a4727f92f67a8ad4e74aee24be28b685adb794944814bde649119b58ee3282ffdbee58f9278d9f3
  languageName: node
  linkType: hard

"ms@npm:2.1.2":
  version: 2.1.2
  resolution: "ms@npm:2.1.2"
  checksum: 673cdb2c3133eb050c745908d8ce632ed2c02d85640e2edb3ace856a2266a813b30c613569bf3354fdf4ea7d1a1494add3bfa95e2713baa27d0c2c71fc44f58f
  languageName: node
  linkType: hard

"node-fetch@npm:^2.6.1":
  version: 2.6.7
  resolution: "node-fetch@npm:2.6.7"
  dependencies:
    whatwg-url: ^5.0.0
  peerDependencies:
    encoding: ^0.1.0
  peerDependenciesMeta:
    encoding:
      optional: true
  checksum: 8d816ffd1ee22cab8301c7756ef04f3437f18dace86a1dae22cf81db8ef29c0bf6655f3215cb0cdb22b420b6fe141e64b26905e7f33f9377a7fa59135ea3e10b
  languageName: node
  linkType: hard

"path-type@npm:^4.0.0":
  version: 4.0.0
  resolution: "path-type@npm:4.0.0"
  checksum: 5b1e2daa247062061325b8fdbfd1fb56dde0a448fb1455453276ea18c60685bdad23a445dc148cf87bc216be1573357509b7d4060494a6fd768c7efad833ee45
  languageName: node
  linkType: hard

"picomatch@npm:^2.2.3":
  version: 2.3.1
  resolution: "picomatch@npm:2.3.1"
  checksum: 050c865ce81119c4822c45d3c84f1ced46f93a0126febae20737bd05ca20589c564d6e9226977df859ed5e03dc73f02584a2b0faad36e896936238238b0446cf
  languageName: node
  linkType: hard

"prettier@npm:^2.5.1":
  version: 2.5.1
  resolution: "prettier@npm:2.5.1"
  bin:
    prettier: bin-prettier.js
  checksum: 21b9408476ea1c544b0e45d51ceb94a84789ff92095abb710942d780c862d0daebdb29972d47f6b4d0f7ebbfb0ffbf56cc2cfa3e3e9d1cca54864af185b15b66
  languageName: node
  linkType: hard

"prisma@npm:^3.8.1":
  version: 3.8.1
  resolution: "prisma@npm:3.8.1"
  dependencies:
    "@prisma/engines": 3.8.0-43.34df67547cf5598f5a6cd3eb45f14ee70c3fb86f
  bin:
    prisma: build/index.js
    prisma2: build/index.js
  checksum: dfd6cefa70b953a49e5c447719d16ac6aea7ac7e7a30544c4a522c9563d2b476a09fecf420c77b6e44632cd1b7a8cb0dc59ac6247810ec78611ac3e883caec77
  languageName: node
  linkType: hard

"queue-microtask@npm:^1.2.2":
  version: 1.2.3
  resolution: "queue-microtask@npm:1.2.3"
  checksum: b676f8c040cdc5b12723ad2f91414d267605b26419d5c821ff03befa817ddd10e238d22b25d604920340fd73efd8ba795465a0377c4adf45a4a41e4234e42dc4
  languageName: node
  linkType: hard

"queue@npm:^6.0.2":
  version: 6.0.2
  resolution: "queue@npm:6.0.2"
  dependencies:
    inherits: ~2.0.3
  checksum: ebc23639248e4fe40a789f713c20548e513e053b3dc4924b6cb0ad741e3f264dcff948225c8737834dd4f9ec286dbc06a1a7c13858ea382d9379f4303bcc0916
  languageName: node
  linkType: hard

"random-seed@npm:^0.3.0":
  version: 0.3.0
  resolution: "random-seed@npm:0.3.0"
  dependencies:
    json-stringify-safe: ^5.0.1
  checksum: 0a82692fc8d830bc26259dad78a911969343c247afb4be5d578c30fd9fbe76c7ce3f6900422310fc90fe05d6baa12e84a1b9ff93b0b7fda757ecfa40645a1f72
  languageName: node
  linkType: hard

"regexpp@npm:^3.2.0":
  version: 3.2.0
  resolution: "regexpp@npm:3.2.0"
  checksum: a78dc5c7158ad9ddcfe01aa9144f46e192ddbfa7b263895a70a5c6c73edd9ce85faf7c0430e59ac38839e1734e275b9c3de5c57ee3ab6edc0e0b1bdebefccef8
  languageName: node
  linkType: hard

"reusify@npm:^1.0.4":
  version: 1.0.4
  resolution: "reusify@npm:1.0.4"
  checksum: c3076ebcc22a6bc252cb0b9c77561795256c22b757f40c0d8110b1300723f15ec0fc8685e8d4ea6d7666f36c79ccc793b1939c748bf36f18f542744a4e379fcc
  languageName: node
  linkType: hard

"run-parallel@npm:^1.1.9":
  version: 1.2.0
  resolution: "run-parallel@npm:1.2.0"
  dependencies:
    queue-microtask: ^1.2.2
  checksum: cb4f97ad25a75ebc11a8ef4e33bb962f8af8516bb2001082ceabd8902e15b98f4b84b4f8a9b222e5d57fc3bd1379c483886ed4619367a7680dad65316993021d
  languageName: node
  linkType: hard

"semver@npm:^7.3.5":
  version: 7.3.5
  resolution: "semver@npm:7.3.5"
  dependencies:
    lru-cache: ^6.0.0
  bin:
    semver: bin/semver.js
  checksum: 5eafe6102bea2a7439897c1856362e31cc348ccf96efd455c8b5bc2c61e6f7e7b8250dc26b8828c1d76a56f818a7ee907a36ae9fb37a599d3d24609207001d60
  languageName: node
  linkType: hard

"slash@npm:^3.0.0":
  version: 3.0.0
  resolution: "slash@npm:3.0.0"
  checksum: 94a93fff615f25a999ad4b83c9d5e257a7280c90a32a7cb8b4a87996e4babf322e469c42b7f649fd5796edd8687652f3fb452a86dc97a816f01113183393f11c
  languageName: node
  linkType: hard

"to-regex-range@npm:^5.0.1":
  version: 5.0.1
  resolution: "to-regex-range@npm:5.0.1"
  dependencies:
    is-number: ^7.0.0
  checksum: f76fa01b3d5be85db6a2a143e24df9f60dd047d151062d0ba3df62953f2f697b16fe5dad9b0ac6191c7efc7b1d9dcaa4b768174b7b29da89d4428e64bc0a20ed
  languageName: node
  linkType: hard

"tr46@npm:~0.0.3":
  version: 0.0.3
  resolution: "tr46@npm:0.0.3"
  checksum: 726321c5eaf41b5002e17ffbd1fb7245999a073e8979085dacd47c4b4e8068ff5777142fc6726d6ca1fd2ff16921b48788b87225cbc57c72636f6efa8efbffe3
  languageName: node
  linkType: hard

"ts-mixer@npm:^6.0.0":
  version: 6.0.0
  resolution: "ts-mixer@npm:6.0.0"
  checksum: 791a513c9ca318a979928f5265fd6029858fa21595153a9386063c11239a6b1c352db1e277c19f0544d017a67cf78d120a7438b86b2c828b1115eb607538eff8
  languageName: node
  linkType: hard

"tslib@npm:^1.8.1":
  version: 1.14.1
  resolution: "tslib@npm:1.14.1"
  checksum: dbe628ef87f66691d5d2959b3e41b9ca0045c3ee3c7c7b906cc1e328b39f199bb1ad9e671c39025bd56122ac57dfbf7385a94843b1cc07c60a4db74795829acd
  languageName: node
  linkType: hard

"tslib@npm:^2.3.1":
  version: 2.3.1
  resolution: "tslib@npm:2.3.1"
  checksum: de17a98d4614481f7fcb5cd53ffc1aaf8654313be0291e1bfaee4b4bb31a20494b7d218ff2e15017883e8ea9626599b3b0e0229c18383ba9dce89da2adf15cb9
  languageName: node
  linkType: hard

"tsutils@npm:^3.21.0":
  version: 3.21.0
  resolution: "tsutils@npm:3.21.0"
  dependencies:
    tslib: ^1.8.1
  peerDependencies:
    typescript: ">=2.8.0 || >= 3.2.0-dev || >= 3.3.0-dev || >= 3.4.0-dev || >= 3.5.0-dev || >= 3.6.0-dev || >= 3.6.0-beta || >= 3.7.0-dev || >= 3.7.0-beta"
  checksum: 1843f4c1b2e0f975e08c4c21caa4af4f7f65a12ac1b81b3b8489366826259323feb3fc7a243123453d2d1a02314205a7634e048d4a8009921da19f99755cdc48
  languageName: node
  linkType: hard

"typescript@npm:^4.5.5":
  version: 4.5.5
  resolution: "typescript@npm:4.5.5"
  bin:
    tsc: bin/tsc
    tsserver: bin/tsserver
  checksum: 506f4c919dc8aeaafa92068c997f1d213b9df4d9756d0fae1a1e7ab66b585ab3498050e236113a1c9e57ee08c21ec6814ca7a7f61378c058d79af50a4b1f5a5e
  languageName: node
  linkType: hard

"typescript@patch:typescript@^4.5.5#~builtin<compat/typescript>":
  version: 4.5.5
  resolution: "typescript@patch:typescript@npm%3A4.5.5#~builtin<compat/typescript>::version=4.5.5&hash=493e53"
  bin:
    tsc: bin/tsc
    tsserver: bin/tsserver
  checksum: c05c318d79c690f101d7ffb34cd6c7d6bbd884d3af9cefe7749ad0cd6be43c7082f098280982ca945dcba23fde34a08fed9602bb26540936baf8c0520727d3ba
  languageName: node
  linkType: hard

"unique-names-generator@npm:^4.6.0":
  version: 4.6.0
  resolution: "unique-names-generator@npm:4.6.0"
  checksum: c28968845a0ee5fc607c079788efc0e6cb0e8526d6d60c9ffb9ac51404a147eb9f94201280f2ded0896a1e402e1fd802b40ffa0f94de7c617784cd7ae4b6386c
  languageName: node
  linkType: hard

"webidl-conversions@npm:^3.0.0":
  version: 3.0.1
  resolution: "webidl-conversions@npm:3.0.1"
  checksum: c92a0a6ab95314bde9c32e1d0a6dfac83b578f8fa5f21e675bc2706ed6981bc26b7eb7e6a1fab158e5ce4adf9caa4a0aee49a52505d4d13c7be545f15021b17c
  languageName: node
  linkType: hard

"whatwg-url@npm:^5.0.0":
  version: 5.0.0
  resolution: "whatwg-url@npm:5.0.0"
  dependencies:
    tr46: ~0.0.3
    webidl-conversions: ^3.0.0
  checksum: b8daed4ad3356cc4899048a15b2c143a9aed0dfae1f611ebd55073310c7b910f522ad75d727346ad64203d7e6c79ef25eafd465f4d12775ca44b90fa82ed9e2c
  languageName: node
  linkType: hard

"ws@npm:^8.4.0":
  version: 8.4.2
  resolution: "ws@npm:8.4.2"
  peerDependencies:
    bufferutil: ^4.0.1
    utf-8-validate: ^5.0.2
  peerDependenciesMeta:
    bufferutil:
      optional: true
    utf-8-validate:
      optional: true
  checksum: 4369caaac8d1092a73871f5cf1d87fcbb995dc4183a1bc48e4f451bc2d02d0a8bf7c17edf1da18e2be3c773b09262275356b256d1c55bc7ca096154293ba2a8c
  languageName: node
  linkType: hard

"yallist@npm:^4.0.0":
  version: 4.0.0
  resolution: "yallist@npm:4.0.0"
  checksum: 343617202af32df2a15a3be36a5a8c0c8545208f3d3dfbc6bb7c3e3b7e8c6f8e7485432e4f3b88da3031a6e20afa7c711eded32ddfb122896ac5d914e75848d5
  languageName: node
  linkType: hard

"zod@npm:^3.11.6":
  version: 3.11.6
  resolution: "zod@npm:3.11.6"
  checksum: 044ac416450f179a0c88240f27849d2886c777cebade42df10e5f04125b0265cec82d9bd741a7dcb11796b2ea88b32c86be7d36932a4bed6af57002560359db1
  languageName: node
  linkType: hard
